{
  "name": "tools",
  "version": "1.0.0",
  "lockfileVersion": 1,
  "requires": true,
  "dependencies": {
    "byline": {
      "version": "4.1.1",
      "resolved": "https://registry.npmjs.org/byline/-/byline-4.1.1.tgz",
      "integrity": "sha1-0NUWk162dh+L4xtSY/dsRkCgQaM="
    },
    "node-tsv-json": {
      "version": "0.2.1",
      "resolved": "https://registry.npmjs.org/node-tsv-json/-/node-tsv-json-0.2.1.tgz",
      "integrity": "sha1-RUkiVEKBJxFvA6HO8x5lVXlMzlo=",
      "requires": {
        "byline": "~4.1.1"
      }
    }
  }
}
